
Microsoft Visual Studio Solution File, Format Version 12.00
# Visual Studio Version 17
VisualStudioVersion = 17.4.33213.308
MinimumVisualStudioVersion = 10.0.40219.1
Project("{FAE04EC0-301F-11D3-BF4B-00C04F79EFBC}") = "Merchandise", "Merchandise\Merchandise.csproj", "{EE9DCE38-3432-4614-9EA8-034E48982834}"
EndProject
Project("{FAE04EC0-301F-11D3-BF4B-00C04F79EFBC}") = "DataAccessLayer", "DataAccessLayer\DataAccessLayer.csproj", "{C8BDB37E-EDC0-48B7-90DA-CC664533DDA0}"
EndProject
Global
	GlobalSection(SolutionConfigurationPlatforms) = preSolution
		Debug|Any CPU = Debug|Any CPU
		Release|Any CPU = Release|Any CPU
	EndGlobalSection
	GlobalSection(ProjectConfigurationPlatforms) = postSolution
		{EE9DCE38-3432-4614-9EA8-034E48982834}.Debug|Any CPU.ActiveCfg = Debug|Any CPU
		{EE9DCE38-3432-4614-9EA8-034E48982834}.Debug|Any CPU.Build.0 = Debug|Any CPU
		{EE9DCE38-3432-4614-9EA8-034E48982834}.Release|Any CPU.ActiveCfg = Release|Any CPU
		{EE9DCE38-3432-4614-9EA8-034E48982834}.Release|Any CPU.Build.0 = Release|Any CPU
		{C8BDB37E-EDC0-48B7-90DA-CC664533DDA0}.Debug|Any CPU.ActiveCfg = Debug|Any CPU
		{C8BDB37E-EDC0-48B7-90DA-CC664533DDA0}.Debug|Any CPU.Build.0 = Debug|Any CPU
		{C8BDB37E-EDC0-48B7-90DA-CC664533DDA0}.Release|Any CPU.ActiveCfg = Release|Any CPU
		{C8BDB37E-EDC0-48B7-90DA-CC664533DDA0}.Release|Any CPU.Build.0 = Release|Any CPU
	EndGlobalSection
	GlobalSection(SolutionProperties) = preSolution
		HideSolutionNode = FALSE
	EndGlobalSection
	GlobalSection(ExtensibilityGlobals) = postSolution
		SolutionGuid = {C17EC50F-0908-4BA9-BFBC-449AD0F95A0B}
	EndGlobalSection
EndGlobal
